// !$*UTF8*$!
{
	archiveVersion = 1;
	classes = {
	};
	objectVersion = 51;
	objects = {

/* Begin PBXBuildFile section */
		2A10131124CD8EDF000C21B7 /* AppDelegate.swift in Sources */ = {isa = PBXBuildFile; fileRef = 2A10131024CD8EDF000C21B7 /* AppDelegate.swift */; };
		2A10131324CD8EDF000C21B7 /* SceneDelegate.swift in Sources */ = {isa = PBXBuildFile; fileRef = 2A10131224CD8EDF000C21B7 /* SceneDelegate.swift */; };
		2A10131824CD8EDF000C21B7 /* Main.storyboard in Resources */ = {isa = PBXBuildFile; fileRef = 2A10131624CD8EDF000C21B7 /* Main.storyboard */; };
		2A10131A24CD8EE3000C21B7 /* Assets.xcassets in Resources */ = {isa = PBXBuildFile; fileRef = 2A10131924CD8EE3000C21B7 /* Assets.xcassets */; };
		2A10131D24CD8EE3000C21B7 /* LaunchScreen.storyboard in Resources */ = {isa = PBXBuildFile; fileRef = 2A10131B24CD8EE3000C21B7 /* LaunchScreen.storyboard */; };
		2A10132524CD8FA1000C21B7 /* NewsTableViewController.swift in Sources */ = {isa = PBXBuildFile; fileRef = 2A10132424CD8FA1000C21B7 /* NewsTableViewController.swift */; };
		2A10132824CF0D14000C21B7 /* Article.swift in Sources */ = {isa = PBXBuildFile; fileRef = 2A10132724CF0D14000C21B7 /* Article.swift */; };
		2A15016E24CF1CF40048D9BF /* URLRequest+Extensions.swift in Sources */ = {isa = PBXBuildFile; fileRef = 2A15016D24CF1CF40048D9BF /* URLRequest+Extensions.swift */; };
		2AF0404824CF159100E51575 /* ArticleTableViewCell.swift in Sources */ = {isa = PBXBuildFile; fileRef = 2AF0404724CF159100E51575 /* ArticleTableViewCell.swift */; };
		CD613F8F25858979B5E9A0F7 /* Pods_GoodNews.framework in Frameworks */ = {isa = PBXBuildFile; fileRef = 8D85F8EA6BD3B9192E2B997A /* Pods_GoodNews.framework */; };
/* End PBXBuildFile section */

/* Begin PBXFileReference section */
		2A0ED9A72B5BA5B3EB118981 /* Pods-GoodNews.release.xcconfig */ = {isa = PBXFileReference; includeInIndex = 1; lastKnownFileType = text.xcconfig; name = "Pods-GoodNews.release.xcconfig"; path = "Target Support Files/Pods-GoodNews/Pods-GoodNews.release.xcconfig"; sourceTree = "<group>"; };
		2A10130D24CD8EDF000C21B7 /* GoodNews.app */ = {isa = PBXFileReference; explicitFileType = wrapper.application; includeInIndex = 0; path = GoodNews.app; sourceTree = BUILT_PRODUCTS_DIR; };
		2A10131024CD8EDF000C21B7 /* AppDelegate.swift */ = {isa = PBXFileReference; lastKnownFileType = sourcecode.swift; path = AppDelegate.swift; sourceTree = "<group>"; };
		2A10131224CD8EDF000C21B7 /* SceneDelegate.swift */ = {isa = PBXFileReference; lastKnownFileType = sourcecode.swift; path = SceneDelegate.swift; sourceTree = "<group>"; };
		2A10131724CD8EDF000C21B7 /* Base */ = {isa = PBXFileReference; lastKnownFileType = file.storyboard; name = Base; path = Base.lproj/Main.storyboard; sourceTree = "<group>"; };
		2A10131924CD8EE3000C21B7 /* Assets.xcassets */ = {isa = PBXFileReference; lastKnownFileType = folder.assetcatalog; path = Assets.xcassets; sourceTree = "<group>"; };
		2A10131C24CD8EE3000C21B7 /* Base */ = {isa = PBXFileReference; lastKnownFileType = file.storyboard; name = Base; path = Base.lproj/LaunchScreen.storyboard; sourceTree = "<group>"; };
		2A10131E24CD8EE3000C21B7 /* Info.plist */ = {isa = PBXFileReference; lastKnownFileType = text.plist.xml; path = Info.plist; sourceTree = "<group>"; };
		2A10132424CD8FA1000C21B7 /* NewsTableViewController.swift */ = {isa = PBXFileReference; lastKnownFileType = sourcecode.swift; path = NewsTableViewController.swift; sourceTree = "<group>"; };
		2A10132724CF0D14000C21B7 /* Article.swift */ = {isa = PBXFileReference; lastKnownFileType = sourcecode.swift; path = Article.swift; sourceTree = "<group>"; };
		2A15016D24CF1CF40048D9BF /* URLRequest+Extensions.swift */ = {isa = PBXFileReference; lastKnownFileType = sourcecode.swift; path = "URLRequest+Extensions.swift"; sourceTree = "<group>"; };
		2AF0404724CF159100E51575 /* ArticleTableViewCell.swift */ = {isa = PBXFileReference; lastKnownFileType = sourcecode.swift; path = ArticleTableViewCell.swift; sourceTree = "<group>"; };
		8D85F8EA6BD3B9192E2B997A /* Pods_GoodNews.framework */ = {isa = PBXFileReference; explicitFileType = wrapper.framework; includeInIndex = 0; path = Pods_GoodNews.framework; sourceTree = BUILT_PRODUCTS_DIR; };
		D9C08626F30E0E6EC9438542 /* Pods-GoodNews.debug.xcconfig */ = {isa = PBXFileReference; includeInIndex = 1; lastKnownFileType = text.xcconfig; name = "Pods-GoodNews.debug.xcconfig"; path = "Target Support Files/Pods-GoodNews/Pods-GoodNews.debug.xcconfig"; sourceTree = "<group>"; };
/* End PBXFileReference section */

/* Begin PBXFrameworksBuildPhase section */
		2A10130A24CD8EDF000C21B7 /* Frameworks */ = {
			isa = PBXFrameworksBuildPhase;
			buildActionMask = 2147483647;
			files = (
				CD613F8F25858979B5E9A0F7 /* Pods_GoodNews.framework in Frameworks */,
			);
			runOnlyForDeploymentPostprocessing = 0;
		};
/* End PBXFrameworksBuildPhase section */

/* Begin PBXGroup section */
		13329228EC741D16448E5DC5 /* Pods */ = {
			isa = PBXGroup;
			children = (
				D9C08626F30E0E6EC9438542 /* Pods-GoodNews.debug.xcconfig */,
				2A0ED9A72B5BA5B3EB118981 /* Pods-GoodNews.release.xcconfig */,
			);
			path = Pods;
			sourceTree = "<group>";
		};
		2A10130424CD8EDE000C21B7 = {
			isa = PBXGroup;
			children = (
				2A15016C24CF1CD40048D9BF /* Extensions */,
				2A10130F24CD8EDF000C21B7 /* GoodNews */,
				2A10130E24CD8EDF000C21B7 /* Products */,
				13329228EC741D16448E5DC5 /* Pods */,
				B6B9A2F93A6CD690ECFFE50C /* Frameworks */,
			);
			sourceTree = "<group>";
		};
		2A10130E24CD8EDF000C21B7 /* Products */ = {
			isa = PBXGroup;
			children = (
				2A10130D24CD8EDF000C21B7 /* GoodNews.app */,
			);
			name = Products;
			sourceTree = "<group>";
		};
		2A10130F24CD8EDF000C21B7 /* GoodNews */ = {
			isa = PBXGroup;
			children = (
				2AF0404524CF156F00E51575 /* Cells */,
				2A10132624CF0D02000C21B7 /* Models */,
				2A10131024CD8EDF000C21B7 /* AppDelegate.swift */,
				2A10131224CD8EDF000C21B7 /* SceneDelegate.swift */,
				2A10131624CD8EDF000C21B7 /* Main.storyboard */,
				2A10131924CD8EE3000C21B7 /* Assets.xcassets */,
				2A10131B24CD8EE3000C21B7 /* LaunchScreen.storyboard */,
				2A10131E24CD8EE3000C21B7 /* Info.plist */,
				2A10132424CD8FA1000C21B7 /* NewsTableViewController.swift */,
			);
			path = GoodNews;
			sourceTree = "<group>";
		};
		2A10132624CF0D02000C21B7 /* Models */ = {
			isa = PBXGroup;
			children = (
				2A10132724CF0D14000C21B7 /* Article.swift */,
			);
			path = Models;
			sourceTree = "<group>";
		};
		2A15016C24CF1CD40048D9BF /* Extensions */ = {
			isa = PBXGroup;
			children = (
				2A15016D24CF1CF40048D9BF /* URLRequest+Extensions.swift */,
			);
			path = Extensions;
			sourceTree = "<group>";
		};
		2AF0404524CF156F00E51575 /* Cells */ = {
			isa = PBXGroup;
			children = (
				2AF0404724CF159100E51575 /* ArticleTableViewCell.swift */,
			);
			path = Cells;
			sourceTree = "<group>";
		};
		B6B9A2F93A6CD690ECFFE50C /* Frameworks */ = {
			isa = PBXGroup;
			children = (
				8D85F8EA6BD3B9192E2B997A /* Pods_GoodNews.framework */,
			);
			name = Frameworks;
			sourceTree = "<group>";
		};
/* End PBXGroup section */

/* Begin PBXNativeTarget section */
		2A10130C24CD8EDF000C21B7 /* GoodNews */ = {
			isa = PBXNativeTarget;
			buildConfigurationList = 2A10132124CD8EE3000C21B7 /* Build configuration list for PBXNativeTarget "GoodNews" */;
			buildPhases = (
				EE0B9F9882319F29720F1E16 /* [CP] Check Pods Manifest.lock */,
				2A10130924CD8EDF000C21B7 /* Sources */,
				2A10130A24CD8EDF000C21B7 /* Frameworks */,
				2A10130B24CD8EDF000C21B7 /* Resources */,
				BE63D9DB0AA811451CBB555C /* [CP] Embed Pods Frameworks */,
			);
			buildRules = (
			);
			dependencies = (
			);
			name = GoodNews;
			productName = GoodNews;
			productReference = 2A10130D24CD8EDF000C21B7 /* GoodNews.app */;
			productType = "com.apple.product-type.application";
		};
/* End PBXNativeTarget section */

/* Begin PBXProject section */
		2A10130524CD8EDE000C21B7 /* Project object */ = {
			isa = PBXProject;
			attributes = {
				LastSwiftUpdateCheck = 1160;
				LastUpgradeCheck = 1160;
				ORGANIZATIONNAME = "Irina Lapteva";
				TargetAttributes = {
					2A10130C24CD8EDF000C21B7 = {
						CreatedOnToolsVersion = 11.6;
					};
				};
			};
			buildConfigurationList = 2A10130824CD8EDE000C21B7 /* Build configuration list for PBXProject "GoodNews" */;
			compatibilityVersion = "Xcode 9.3";
			developmentRegion = en;
			hasScannedForEncodings = 0;
			knownRegions = (
				en,
				Base,
			);
			mainGroup = 2A10130424CD8EDE000C21B7;
			productRefGroup = 2A10130E24CD8EDF000C21B7 /* Products */;
			projectDirPath = "";
			projectRoot = "";
			targets = (
				2A10130C24CD8EDF000C21B7 /* GoodNews */,
			);
		};
/* End PBXProject section */

/* Begin PBXResourcesBuildPhase section */
		2A10130B24CD8EDF000C21B7 /* Resources */ = {
			isa = PBXResourcesBuildPhase;
			buildActionMask = 2147483647;
			files = (
				2A10131D24CD8EE3000C21B7 /* LaunchScreen.storyboard in Resources */,
				2A10131A24CD8EE3000C21B7 /* Assets.xcassets in Resources */,
				2A10131824CD8EDF000C21B7 /* Main.storyboard in Resources */,
			);
			runOnlyForDeploymentPostprocessing = 0;
		};
/* End PBXResourcesBuildPhase section */

/* Begin PBXShellScriptBuildPhase section */
		BE63D9DB0AA811451CBB555C /* [CP] Embed Pods Frameworks */ = {
			isa = PBXShellScriptBuildPhase;
			buildActionMask = 2147483647;
			files = (
			);
			inputFileListPaths = (
				"${PODS_ROOT}/Target Support Files/Pods-GoodNews/Pods-GoodNews-frameworks-${CONFIGURATION}-input-files.xcfilelist",
			);
			name = "[CP] Embed Pods Frameworks";
			outputFileListPaths = (
				"${PODS_ROOT}/Target Support Files/Pods-GoodNews/Pods-GoodNews-frameworks-${CONFIGURATION}-output-files.xcfilelist",
			);
			runOnlyForDeploymentPostprocessing = 0;
			shellPath = /bin/sh;
			shellScript = "\"${PODS_ROOT}/Target Support Files/Pods-GoodNews/Pods-GoodNews-frameworks.sh\"\n";
			showEnvVarsInLog = 0;
		};
		EE0B9F9882319F29720F1E16 /* [CP] Check Pods Manifest.lock */ = {
			isa = PBXShellScriptBuildPhase;
			buildActionMask = 2147483647;
			files = (
			);
			inputFileListPaths = (
			);
			inputPaths = (
				"${PODS_PODFILE_DIR_PATH}/Podfile.lock",
				"${PODS_ROOT}/Manifest.lock",
			);
			name = "[CP] Check Pods Manifest.lock";
			outputFileListPaths = (
			);
			outputPaths = (
				"$(DERIVED_FILE_DIR)/Pods-GoodNews-checkManifestLockResult.txt",
			);
			runOnlyForDeploymentPostprocessing = 0;
			shellPath = /bin/sh;
			shellScript = "diff \"${PODS_PODFILE_DIR_PATH}/Podfile.lock\" \"${PODS_ROOT}/Manifest.lock\" > /dev/null\nif [ $? != 0 ] ; then\n    # print error to STDERR\n    echo \"error: The sandbox is not in sync with the Podfile.lock. Run 'pod install' or update your CocoaPods installation.\" >&2\n    exit 1\nfi\n# This output is used by Xcode 'outputs' to avoid re-running this script phase.\necho \"SUCCESS\" > \"${SCRIPT_OUTPUT_FILE_0}\"\n";
			showEnvVarsInLog = 0;
		};
/* End PBXShellScriptBuildPhase section */

/* Begin PBXSourcesBuildPhase section */
		2A10130924CD8EDF000C21B7 /* Sources */ = {
			isa = PBXSourcesBuildPhase;
			buildActionMask = 2147483647;
			files = (
				2AF0404824CF159100E51575 /* ArticleTableViewCell.swift in Sources */,
				2A10132824CF0D14000C21B7 /* Article.swift in Sources */,
				2A10131124CD8EDF000C21B7 /* AppDelegate.swift in Sources */,
				2A15016E24CF1CF40048D9BF /* URLRequest+Extensions.swift in Sources */,
				2A10131324CD8EDF000C21B7 /* SceneDelegate.swift in Sources */,
				2A10132524CD8FA1000C21B7 /* NewsTableViewController.swift in Sources */,
			);
			runOnlyForDeploymentPostprocessing = 0;
		};
/* End PBXSourcesBuildPhase section */

/* Begin PBXVariantGroup section */
		2A10131624CD8EDF000C21B7 /* Main.storyboard */ = {
			isa = PBXVariantGroup;
			children = (
				2A10131724CD8EDF000C21B7 /* Base */,
			);
			name = Main.storyboard;
			sourceTree = "<group>";
		};
		2A10131B24CD8EE3000C21B7 /* LaunchScreen.storyboard */ = {
			isa = PBXVariantGroup;
			children = (
				2A10131C24CD8EE3000C21B7 /* Base */,
			);
			name = LaunchScreen.storyboard;
			sourceTree = "<group>";
		};
/* End PBXVariantGroup section */

/* Begin XCBuildConfiguration section */
		2A10131F24CD8EE3000C21B7 /* Debug */ = {
			isa = XCBuildConfiguration;
			buildSettings = {
				ALWAYS_SEARCH_USER_PATHS = NO;
				CLANG_ANALYZER_NONNULL = YES;
				CLANG_ANALYZER_NUMBER_OBJECT_CONVERSION = YES_AGGRESSIVE;
				CLANG_CXX_LANGUAGE_STANDARD = "gnu++14";
				CLANG_CXX_LIBRARY = "libc++";
				CLANG_ENABLE_MODULES = YES;
				CLANG_ENABLE_OBJC_ARC = YES;
				CLANG_ENABLE_OBJC_WEAK = YES;
				CLANG_WARN_BLOCK_CAPTURE_AUTORELEASING = YES;
				CLANG_WARN_BOOL_CONVERSION = YES;
				CLANG_WARN_COMMA = YES;
				CLANG_WARN_CONSTANT_CONVERSION = YES;
				CLANG_WARN_DEPRECATED_OBJC_IMPLEMENTATIONS = YES;
				CLANG_WARN_DIRECT_OBJC_ISA_USAGE = YES_ERROR;
				CLANG_WARN_DOCUMENTATION_COMMENTS = YES;
				CLANG_WARN_EMPTY_BODY = YES;
				CLANG_WARN_ENUM_CONVERSION = YES;
				CLANG_WARN_INFINITE_RECURSION = YES;
				CLANG_WARN_INT_CONVERSION = YES;
				CLANG_WARN_NON_LITERAL_NULL_CONVERSION = YES;
				CLANG_WARN_OBJC_IMPLICIT_RETAIN_SELF = YES;
				CLANG_WARN_OBJC_LITERAL_CONVERSION = YES;
				CLANG_WARN_OBJC_ROOT_CLASS = YES_ERROR;
				CLANG_WARN_RANGE_LOOP_ANALYSIS = YES;
				CLANG_WARN_STRICT_PROTOTYPES = YES;
				CLANG_WARN_SUSPICIOUS_MOVE = YES;
				CLANG_WARN_UNGUARDED_AVAILABILITY = YES_AGGRESSIVE;
				CLANG_WARN_UNREACHABLE_CODE = YES;
				CLANG_WARN__DUPLICATE_METHOD_MATCH = YES;
				COPY_PHASE_STRIP = NO;
				DEBUG_INFORMATION_FORMAT = dwarf;
				ENABLE_STRICT_OBJC_MSGSEND = YES;
				ENABLE_TESTABILITY = YES;
				GCC_C_LANGUAGE_STANDARD = gnu11;
				GCC_DYNAMIC_NO_PIC = NO;
				GCC_NO_COMMON_BLOCKS = YES;
				GCC_OPTIMIZATION_LEVEL = 0;
				GCC_PREPROCESSOR_DEFINITIONS = (
					"DEBUG=1",
					"$(inherited)",
				);
				GCC_WARN_64_TO_32_BIT_CONVERSION = YES;
				GCC_WARN_ABOUT_RETURN_TYPE = YES_ERROR;
				GCC_WARN_UNDECLARED_SELECTOR = YES;
				GCC_WARN_UNINITIALIZED_AUTOS = YES_AGGRESSIVE;
				GCC_WARN_UNUSED_FUNCTION = YES;
				GCC_WARN_UNUSED_VARIABLE = YES;
				IPHONEOS_DEPLOYMENT_TARGET = 13.5;
				MTL_ENABLE_DEBUG_INFO = INCLUDE_SOURCE;
				MTL_FAST_MATH = YES;
				ONLY_ACTIVE_ARCH = YES;
				SDKROOT = iphoneos;
				SWIFT_ACTIVE_COMPILATION_CONDITIONS = DEBUG;
				SWIFT_OPTIMIZATION_LEVEL = "-Onone";
			};
			name = Debug;
		};
		2A10132024CD8EE3000C21B7 /* Release */ = {
			isa = XCBuildConfiguration;
			buildSettings = {
				ALWAYS_SEARCH_USER_PATHS = NO;
				CLANG_ANALYZER_NONNULL = YES;
				CLANG_ANALYZER_NUMBER_OBJECT_CONVERSION = YES_AGGRESSIVE;
				CLANG_CXX_LANGUAGE_STANDARD = "gnu++14";
				CLANG_CXX_LIBRARY = "libc++";
				CLANG_ENABLE_MODULES = YES;
				CLANG_ENABLE_OBJC_ARC = YES;
				CLANG_ENABLE_OBJC_WEAK = YES;
				CLANG_WARN_BLOCK_CAPTURE_AUTORELEASING = YES;
				CLANG_WARN_BOOL_CONVERSION = YES;
				CLANG_WARN_COMMA = YES;
				CLANG_WARN_CONSTANT_CONVERSION = YES;
				CLANG_WARN_DEPRECATED_OBJC_IMPLEMENTATIONS = YES;
				CLANG_WARN_DIRECT_OBJC_ISA_USAGE = YES_ERROR;
				CLANG_WARN_DOCUMENTATION_COMMENTS = YES;
				CLANG_WARN_EMPTY_BODY = YES;
				CLANG_WARN_ENUM_CONVERSION = YES;
				CLANG_WARN_INFINITE_RECURSION = YES;
				CLANG_WARN_INT_CONVERSION = YES;
				CLANG_WARN_NON_LITERAL_NULL_CONVERSION = YES;
				CLANG_WARN_OBJC_IMPLICIT_RETAIN_SELF = YES;
				CLANG_WARN_OBJC_LITERAL_CONVERSION = YES;
				CLANG_WARN_OBJC_ROOT_CLASS = YES_ERROR;
				CLANG_WARN_RANGE_LOOP_ANALYSIS = YES;
				CLANG_WARN_STRICT_PROTOTYPES = YES;
				CLANG_WARN_SUSPICIOUS_MOVE = YES;
				CLANG_WARN_UNGUARDED_AVAILABILITY = YES_AGGRESSIVE;
				CLANG_WARN_UNREACHABLE_CODE = YES;
				CLANG_WARN__DUPLICATE_METHOD_MATCH = YES;
				COPY_PHASE_STRIP = NO;
				DEBUG_INFORMATION_FORMAT = "dwarf-with-dsym";
				ENABLE_NS_ASSERTIONS = NO;
				ENABLE_STRICT_OBJC_MSGSEND = YES;
				GCC_C_LANGUAGE_STANDARD = gnu11;
				GCC_NO_COMMON_BLOCKS = YES;
				GCC_WARN_64_TO_32_BIT_CONVERSION = YES;
				GCC_WARN_ABOUT_RETURN_TYPE = YES_ERROR;
				GCC_WARN_UNDECLARED_SELECTOR = YES;
				GCC_WARN_UNINITIALIZED_AUTOS = YES_AGGRESSIVE;
				GCC_WARN_UNUSED_FUNCTION = YES;
				GCC_WARN_UNUSED_VARIABLE = YES;
				IPHONEOS_DEPLOYMENT_TARGET = 13.5;
				MTL_ENABLE_DEBUG_INFO = NO;
				MTL_FAST_MATH = YES;
				SDKROOT = iphoneos;
				SWIFT_COMPILATION_MODE = wholemodule;
				SWIFT_OPTIMIZATION_LEVEL = "-O";
				VALIDATE_PRODUCT = YES;
			};
			name = Release;
		};
		2A10132224CD8EE3000C21B7 /* Debug */ = {
			isa = XCBuildConfiguration;
			baseConfigurationReference = D9C08626F30E0E6EC9438542 /* Pods-GoodNews.debug.xcconfig */;
			buildSettings = {
				ASSETCATALOG_COMPILER_APPICON_NAME = AppIcon;
				CODE_SIGN_STYLE = Automatic;
				DEVELOPMENT_TEAM = 7R2Y844234;
				INFOPLIST_FILE = GoodNews/Info.plist;
				LD_RUNPATH_SEARCH_PATHS = (
					"$(inherited)",
					"@executable_path/Frameworks",
				);
				PRODUCT_BUNDLE_IDENTIFIER = com.irinalapteva.GoodNews;
				PRODUCT_NAME = "$(TARGET_NAME)";
				SWIFT_VERSION = 5.0;
				TARGETED_DEVICE_FAMILY = "1,2";
			};
			name = Debug;
		};
		2A10132324CD8EE3000C21B7 /* Release */ = {
			isa = XCBuildConfiguration;
			baseConfigurationReference = 2A0ED9A72B5BA5B3EB118981 /* Pods-GoodNews.release.xcconfig */;
			buildSettings = {
				ASSETCATALOG_COMPILER_APPICON_NAME = AppIcon;
				CODE_SIGN_STYLE = Automatic;
				DEVELOPMENT_TEAM = 7R2Y844234;
				INFOPLIST_FILE = GoodNews/Info.plist;
				LD_RUNPATH_SEARCH_PATHS = (
					"$(inherited)",
					"@executable_path/Frameworks",
				);
				PRODUCT_BUNDLE_IDENTIFIER = com.irinalapteva.GoodNews;
				PRODUCT_NAME = "$(TARGET_NAME)";
				SWIFT_VERSION = 5.0;
				TARGETED_DEVICE_FAMILY = "1,2";
			};
			name = Release;
		};
/* End XCBuildConfiguration section */

/* Begin XCConfigurationList section */
		2A10130824CD8EDE000C21B7 /* Build configuration list for PBXProject "GoodNews" */ = {
			isa = XCConfigurationList;
			buildConfigurations = (
				2A10131F24CD8EE3000C21B7 /* Debug */,
				2A10132024CD8EE3000C21B7 /* Release */,
			);
			defaultConfigurationIsVisible = 0;
			defaultConfigurationName = Release;
		};
		2A10132124CD8EE3000C21B7 /* Build configuration list for PBXNativeTarget "GoodNews" */ = {
			isa = XCConfigurationList;
			buildConfigurations = (
				2A10132224CD8EE3000C21B7 /* Debug */,
				2A10132324CD8EE3000C21B7 /* Release */,
			);
			defaultConfigurationIsVisible = 0;
			defaultConfigurationName = Release;
		};
/* End XCConfigurationList section */
	};
	rootObject = 2A10130524CD8EDE000C21B7 /* Project object */;
}
